
Microsoft Visual Studio Solution File, Format Version 12.00
# Visual Studio Version 17
VisualStudioVersion = 17.9.34728.123
MinimumVisualStudioVersion = 10.0.40219.1
Project("{9A19103F-16F7-4668-BE54-9A1E7A4F7556}") = "DarkgridToolkit.Desktop", "Desktop\DarkgridToolkit.Desktop.csproj", "{6D3B84EF-361C-4701-BF1F-65DD67A4585A}"
EndProject
Project("{9A19103F-16F7-4668-BE54-9A1E7A4F7556}") = "DarkgridToolkit", "Core\DarkgridToolkit.csproj", "{D8E0B586-0FF0-4D73-82C3-9699C91CBFA5}"
EndProject
Project("{2150E333-8FDC-42A3-9474-1A3956D46DE8}") = "Solution Items", "Solution Items", "{9214B333-0D4E-4BCD-B39C-37EF83BE7326}"
	ProjectSection(SolutionItems) = preProject
		.editorconfig = .editorconfig
		.gitignore = .gitignore
	EndProjectSection
EndProject
Global
	GlobalSection(SolutionConfigurationPlatforms) = preSolution
		Debug|Any CPU = Debug|Any CPU
		Release|Any CPU = Release|Any CPU
	EndGlobalSection
	GlobalSection(ProjectConfigurationPlatforms) = postSolution
		{6D3B84EF-361C-4701-BF1F-65DD67A4585A}.Debug|Any CPU.ActiveCfg = Debug|Any CPU
		{6D3B84EF-361C-4701-BF1F-65DD67A4585A}.Debug|Any CPU.Build.0 = Debug|Any CPU
		{6D3B84EF-361C-4701-BF1F-65DD67A4585A}.Release|Any CPU.ActiveCfg = Release|Any CPU
		{6D3B84EF-361C-4701-BF1F-65DD67A4585A}.Release|Any CPU.Build.0 = Release|Any CPU
		{D8E0B586-0FF0-4D73-82C3-9699C91CBFA5}.Debug|Any CPU.ActiveCfg = Debug|Any CPU
		{D8E0B586-0FF0-4D73-82C3-9699C91CBFA5}.Debug|Any CPU.Build.0 = Debug|Any CPU
		{D8E0B586-0FF0-4D73-82C3-9699C91CBFA5}.Release|Any CPU.ActiveCfg = Release|Any CPU
		{D8E0B586-0FF0-4D73-82C3-9699C91CBFA5}.Release|Any CPU.Build.0 = Release|Any CPU
	EndGlobalSection
	GlobalSection(SolutionProperties) = preSolution
		HideSolutionNode = FALSE
	EndGlobalSection
	GlobalSection(ExtensibilityGlobals) = postSolution
		SolutionGuid = {A50EA039-4905-4D8E-8953-47F29EE7981E}
	EndGlobalSection
EndGlobal
